
Microsoft Visual Studio Solution File, Format Version 12.00
# Visual Studio Version 16
VisualStudioVersion = 16.0.33529.622
MinimumVisualStudioVersion = 10.0.40219.1
Project("{FAE04EC0-301F-11D3-BF4B-00C04F79EFBC}") = "Employee_Mgt_System", "Employee_Mgt_System.csproj", "{4852DBF7-BEB9-4748-AC51-824BEB9577BD}"
EndProject
Global
	GlobalSection(SolutionConfigurationPlatforms) = preSolution
		Debug|Any CPU = Debug|Any CPU
		Release|Any CPU = Release|Any CPU
	EndGlobalSection
	GlobalSection(ProjectConfigurationPlatforms) = postSolution
		{4852DBF7-BEB9-4748-AC51-824BEB9577BD}.Debug|Any CPU.ActiveCfg = Debug|Any CPU
		{4852DBF7-BEB9-4748-AC51-824BEB9577BD}.Debug|Any CPU.Build.0 = Debug|Any CPU
		{4852DBF7-BEB9-4748-AC51-824BEB9577BD}.Release|Any CPU.ActiveCfg = Release|Any CPU
		{4852DBF7-BEB9-4748-AC51-824BEB9577BD}.Release|Any CPU.Build.0 = Release|Any CPU
	EndGlobalSection
	GlobalSection(SolutionProperties) = preSolution
		HideSolutionNode = FALSE
	EndGlobalSection
	GlobalSection(ExtensibilityGlobals) = postSolution
		SolutionGuid = {DE38DAA4-198A-4260-95BB-D81214F9CD73}
	EndGlobalSection
EndGlobal
