
Microsoft Visual Studio Solution File, Format Version 12.00
# Visual Studio Version 16
VisualStudioVersion = 16.0.33529.622
MinimumVisualStudioVersion = 10.0.40219.1
Project("{FAE04EC0-301F-11D3-BF4B-00C04F79EFBC}") = "02_Student_Mgt_System", "02_Student_Mgt_System.csproj", "{A1B68F70-3FF0-4B2A-BD9C-DB43A5B34075}"
EndProject
Global
	GlobalSection(SolutionConfigurationPlatforms) = preSolution
		Debug|Any CPU = Debug|Any CPU
		Release|Any CPU = Release|Any CPU
	EndGlobalSection
	GlobalSection(ProjectConfigurationPlatforms) = postSolution
		{A1B68F70-3FF0-4B2A-BD9C-DB43A5B34075}.Debug|Any CPU.ActiveCfg = Debug|Any CPU
		{A1B68F70-3FF0-4B2A-BD9C-DB43A5B34075}.Debug|Any CPU.Build.0 = Debug|Any CPU
		{A1B68F70-3FF0-4B2A-BD9C-DB43A5B34075}.Release|Any CPU.ActiveCfg = Release|Any CPU
		{A1B68F70-3FF0-4B2A-BD9C-DB43A5B34075}.Release|Any CPU.Build.0 = Release|Any CPU
	EndGlobalSection
	GlobalSection(SolutionProperties) = preSolution
		HideSolutionNode = FALSE
	EndGlobalSection
	GlobalSection(ExtensibilityGlobals) = postSolution
		SolutionGuid = {75E68097-6DA2-4230-BBF1-52EAC58C5368}
	EndGlobalSection
EndGlobal
